// !$*UTF8*$!
{
	archiveVersion = 1;
	classes = {
	};
	objectVersion = 46;
	objects = {

/* Begin PBXBuildFile section */
		5817F7031B1ECCCF00210172 /* MultipleTableViewCell.swift in Sources */ = {isa = PBXBuildFile; fileRef = 5817F7021B1ECCCF00210172 /* MultipleTableViewCell.swift */; };
		58C9093D1A94552C000153C7 /* AppDelegate.swift in Sources */ = {isa = PBXBuildFile; fileRef = 58C9093C1A94552C000153C7 /* AppDelegate.swift */; };
		58C9093F1A94552C000153C7 /* ViewController.swift in Sources */ = {isa = PBXBuildFile; fileRef = 58C9093E1A94552C000153C7 /* ViewController.swift */; };
		58C909421A94552C000153C7 /* Main.storyboard in Resources */ = {isa = PBXBuildFile; fileRef = 58C909401A94552C000153C7 /* Main.storyboard */; };
		58C909441A94552C000153C7 /* Images.xcassets in Resources */ = {isa = PBXBuildFile; fileRef = 58C909431A94552C000153C7 /* Images.xcassets */; };
		58C909471A94552C000153C7 /* LaunchScreen.xib in Resources */ = {isa = PBXBuildFile; fileRef = 58C909451A94552C000153C7 /* LaunchScreen.xib */; };
		58C909531A94552C000153C7 /* MultipleFieldPoCTests.swift in Sources */ = {isa = PBXBuildFile; fileRef = 58C909521A94552C000153C7 /* MultipleFieldPoCTests.swift */; };
/* End PBXBuildFile section */

/* Begin PBXContainerItemProxy section */
		58C9094D1A94552C000153C7 /* PBXContainerItemProxy */ = {
			isa = PBXContainerItemProxy;
			containerPortal = 58C9092F1A94552C000153C7 /* Project object */;
			proxyType = 1;
			remoteGlobalIDString = 58C909361A94552C000153C7;
			remoteInfo = MultipleFieldPoC;
		};
/* End PBXContainerItemProxy section */

/* Begin PBXFileReference section */
		5817F7021B1ECCCF00210172 /* MultipleTableViewCell.swift */ = {isa = PBXFileReference; fileEncoding = 4; lastKnownFileType = sourcecode.swift; path = MultipleTableViewCell.swift; sourceTree = "<group>"; };
		58C909371A94552C000153C7 /* MultipleFieldPoC.app */ = {isa = PBXFileReference; explicitFileType = wrapper.application; includeInIndex = 0; path = MultipleFieldPoC.app; sourceTree = BUILT_PRODUCTS_DIR; };
		58C9093B1A94552C000153C7 /* Info.plist */ = {isa = PBXFileReference; lastKnownFileType = text.plist.xml; path = Info.plist; sourceTree = "<group>"; };
		58C9093C1A94552C000153C7 /* AppDelegate.swift */ = {isa = PBXFileReference; lastKnownFileType = sourcecode.swift; path = AppDelegate.swift; sourceTree = "<group>"; };
		58C9093E1A94552C000153C7 /* ViewController.swift */ = {isa = PBXFileReference; lastKnownFileType = sourcecode.swift; path = ViewController.swift; sourceTree = "<group>"; };
		58C909411A94552C000153C7 /* Base */ = {isa = PBXFileReference; lastKnownFileType = file.storyboard; name = Base; path = Base.lproj/Main.storyboard; sourceTree = "<group>"; };
		58C909431A94552C000153C7 /* Images.xcassets */ = {isa = PBXFileReference; lastKnownFileType = folder.assetcatalog; path = Images.xcassets; sourceTree = "<group>"; };
		58C909461A94552C000153C7 /* Base */ = {isa = PBXFileReference; lastKnownFileType = file.xib; name = Base; path = Base.lproj/LaunchScreen.xib; sourceTree = "<group>"; };
		58C9094C1A94552C000153C7 /* MultipleFieldPoCTests.xctest */ = {isa = PBXFileReference; explicitFileType = wrapper.cfbundle; includeInIndex = 0; path = MultipleFieldPoCTests.xctest; sourceTree = BUILT_PRODUCTS_DIR; };
		58C909511A94552C000153C7 /* Info.plist */ = {isa = PBXFileReference; lastKnownFileType = text.plist.xml; path = Info.plist; sourceTree = "<group>"; };
		58C909521A94552C000153C7 /* MultipleFieldPoCTests.swift */ = {isa = PBXFileReference; lastKnownFileType = sourcecode.swift; path = MultipleFieldPoCTests.swift; sourceTree = "<group>"; };
/* End PBXFileReference section */

/* Begin PBXFrameworksBuildPhase section */
		58C909341A94552C000153C7 /* Frameworks */ = {
			isa = PBXFrameworksBuildPhase;
			buildActionMask = 2147483647;
			files = (
			);
			runOnlyForDeploymentPostprocessing = 0;
		};
		58C909491A94552C000153C7 /* Frameworks */ = {
			isa = PBXFrameworksBuildPhase;
			buildActionMask = 2147483647;
			files = (
			);
			runOnlyForDeploymentPostprocessing = 0;
		};
/* End PBXFrameworksBuildPhase section */

/* Begin PBXGroup section */
		58C9092E1A94552C000153C7 = {
			isa = PBXGroup;
			children = (
				58C909391A94552C000153C7 /* MultipleFieldPoC */,
				58C9094F1A94552C000153C7 /* MultipleFieldPoCTests */,
				58C909381A94552C000153C7 /* Products */,
			);
			sourceTree = "<group>";
		};
		58C909381A94552C000153C7 /* Products */ = {
			isa = PBXGroup;
			children = (
				58C909371A94552C000153C7 /* MultipleFieldPoC.app */,
				58C9094C1A94552C000153C7 /* MultipleFieldPoCTests.xctest */,
			);
			name = Products;
			sourceTree = "<group>";
		};
		58C909391A94552C000153C7 /* MultipleFieldPoC */ = {
			isa = PBXGroup;
			children = (
				5817F7021B1ECCCF00210172 /* MultipleTableViewCell.swift */,
				58C9093C1A94552C000153C7 /* AppDelegate.swift */,
				58C9093E1A94552C000153C7 /* ViewController.swift */,
				58C909401A94552C000153C7 /* Main.storyboard */,
				58C909431A94552C000153C7 /* Images.xcassets */,
				58C909451A94552C000153C7 /* LaunchScreen.xib */,
				58C9093A1A94552C000153C7 /* Supporting Files */,
			);
			path = MultipleFieldPoC;
			sourceTree = "<group>";
		};
		58C9093A1A94552C000153C7 /* Supporting Files */ = {
			isa = PBXGroup;
			children = (
				58C9093B1A94552C000153C7 /* Info.plist */,
			);
			name = "Supporting Files";
			sourceTree = "<group>";
		};
		58C9094F1A94552C000153C7 /* MultipleFieldPoCTests */ = {
			isa = PBXGroup;
			children = (
				58C909521A94552C000153C7 /* MultipleFieldPoCTests.swift */,
				58C909501A94552C000153C7 /* Supporting Files */,
			);
			path = MultipleFieldPoCTests;
			sourceTree = "<group>";
		};
		58C909501A94552C000153C7 /* Supporting Files */ = {
			isa = PBXGroup;
			children = (
				58C909511A94552C000153C7 /* Info.plist */,
			);
			name = "Supporting Files";
			sourceTree = "<group>";
		};
/* End PBXGroup section */

/* Begin PBXNativeTarget section */
		58C909361A94552C000153C7 /* MultipleFieldPoC */ = {
			isa = PBXNativeTarget;
			buildConfigurationList = 58C909561A94552C000153C7 /* Build configuration list for PBXNativeTarget "MultipleFieldPoC" */;
			buildPhases = (
				58C909331A94552C000153C7 /* Sources */,
				58C909341A94552C000153C7 /* Frameworks */,
				58C909351A94552C000153C7 /* Resources */,
			);
			buildRules = (
			);
			dependencies = (
			);
			name = MultipleFieldPoC;
			productName = MultipleFieldPoC;
			productReference = 58C909371A94552C000153C7 /* MultipleFieldPoC.app */;
			productType = "com.apple.product-type.application";
		};
		58C9094B1A94552C000153C7 /* MultipleFieldPoCTests */ = {
			isa = PBXNativeTarget;
			buildConfigurationList = 58C909591A94552C000153C7 /* Build configuration list for PBXNativeTarget "MultipleFieldPoCTests" */;
			buildPhases = (
				58C909481A94552C000153C7 /* Sources */,
				58C909491A94552C000153C7 /* Frameworks */,
				58C9094A1A94552C000153C7 /* Resources */,
			);
			buildRules = (
			);
			dependencies = (
				58C9094E1A94552C000153C7 /* PBXTargetDependency */,
			);
			name = MultipleFieldPoCTests;
			productName = MultipleFieldPoCTests;
			productReference = 58C9094C1A94552C000153C7 /* MultipleFieldPoCTests.xctest */;
			productType = "com.apple.product-type.bundle.unit-test";
		};
/* End PBXNativeTarget section */

/* Begin PBXProject section */
		58C9092F1A94552C000153C7 /* Project object */ = {
			isa = PBXProject;
			attributes = {
				LastUpgradeCheck = 0620;
				ORGANIZATIONNAME = Shiva;
				TargetAttributes = {
					58C909361A94552C000153C7 = {
						CreatedOnToolsVersion = 6.2;
					};
					58C9094B1A94552C000153C7 = {
						CreatedOnToolsVersion = 6.2;
						TestTargetID = 58C909361A94552C000153C7;
					};
				};
			};
			buildConfigurationList = 58C909321A94552C000153C7 /* Build configuration list for PBXProject "MultipleFieldPoC" */;
			compatibilityVersion = "Xcode 3.2";
			developmentRegion = English;
			hasScannedForEncodings = 0;
			knownRegions = (
				en,
				Base,
			);
			mainGroup = 58C9092E1A94552C000153C7;
			productRefGroup = 58C909381A94552C000153C7 /* Products */;
			projectDirPath = "";
			projectRoot = "";
			targets = (
				58C909361A94552C000153C7 /* MultipleFieldPoC */,
				58C9094B1A94552C000153C7 /* MultipleFieldPoCTests */,
			);
		};
/* End PBXProject section */

/* Begin PBXResourcesBuildPhase section */
		58C909351A94552C000153C7 /* Resources */ = {
			isa = PBXResourcesBuildPhase;
			buildActionMask = 2147483647;
			files = (
				58C909421A94552C000153C7 /* Main.storyboard in Resources */,
				58C909471A94552C000153C7 /* LaunchScreen.xib in Resources */,
				58C909441A94552C000153C7 /* Images.xcassets in Resources */,
			);
			runOnlyForDeploymentPostprocessing = 0;
		};
		58C9094A1A94552C000153C7 /* Resources */ = {
			isa = PBXResourcesBuildPhase;
			buildActionMask = 2147483647;
			files = (
			);
			runOnlyForDeploymentPostprocessing = 0;
		};
/* End PBXResourcesBuildPhase section */

/* Begin PBXSourcesBuildPhase section */
		58C909331A94552C000153C7 /* Sources */ = {
			isa = PBXSourcesBuildPhase;
			buildActionMask = 2147483647;
			files = (
				58C9093F1A94552C000153C7 /* ViewController.swift in Sources */,
				5817F7031B1ECCCF00210172 /* MultipleTableViewCell.swift in Sources */,
				58C9093D1A94552C000153C7 /* AppDelegate.swift in Sources */,
			);
			runOnlyForDeploymentPostprocessing = 0;
		};
		58C909481A94552C000153C7 /* Sources */ = {
			isa = PBXSourcesBuildPhase;
			buildActionMask = 2147483647;
			files = (
				58C909531A94552C000153C7 /* MultipleFieldPoCTests.swift in Sources */,
			);
			runOnlyForDeploymentPostprocessing = 0;
		};
/* End PBXSourcesBuildPhase section */

/* Begin PBXTargetDependency section */
		58C9094E1A94552C000153C7 /* PBXTargetDependency */ = {
			isa = PBXTargetDependency;
			target = 58C909361A94552C000153C7 /* MultipleFieldPoC */;
			targetProxy = 58C9094D1A94552C000153C7 /* PBXContainerItemProxy */;
		};
/* End PBXTargetDependency section */

/* Begin PBXVariantGroup section */
		58C909401A94552C000153C7 /* Main.storyboard */ = {
			isa = PBXVariantGroup;
			children = (
				58C909411A94552C000153C7 /* Base */,
			);
			name = Main.storyboard;
			sourceTree = "<group>";
		};
		58C909451A94552C000153C7 /* LaunchScreen.xib */ = {
			isa = PBXVariantGroup;
			children = (
				58C909461A94552C000153C7 /* Base */,
			);
			name = LaunchScreen.xib;
			sourceTree = "<group>";
		};
/* End PBXVariantGroup section */

/* Begin XCBuildConfiguration section */
		58C909541A94552C000153C7 /* Debug */ = {
			isa = XCBuildConfiguration;
			buildSettings = {
				ALWAYS_SEARCH_USER_PATHS = NO;
				CLANG_CXX_LANGUAGE_STANDARD = "gnu++0x";
				CLANG_CXX_LIBRARY = "libc++";
				CLANG_ENABLE_MODULES = YES;
				CLANG_ENABLE_OBJC_ARC = YES;
				CLANG_WARN_BOOL_CONVERSION = YES;
				CLANG_WARN_CONSTANT_CONVERSION = YES;
				CLANG_WARN_DIRECT_OBJC_ISA_USAGE = YES_ERROR;
				CLANG_WARN_EMPTY_BODY = YES;
				CLANG_WARN_ENUM_CONVERSION = YES;
				CLANG_WARN_INT_CONVERSION = YES;
				CLANG_WARN_OBJC_ROOT_CLASS = YES_ERROR;
				CLANG_WARN_UNREACHABLE_CODE = YES;
				CLANG_WARN__DUPLICATE_METHOD_MATCH = YES;
				"CODE_SIGN_IDENTITY[sdk=iphoneos*]" = "iPhone Developer";
				COPY_PHASE_STRIP = NO;
				ENABLE_STRICT_OBJC_MSGSEND = YES;
				GCC_C_LANGUAGE_STANDARD = gnu99;
				GCC_DYNAMIC_NO_PIC = NO;
				GCC_OPTIMIZATION_LEVEL = 0;
				GCC_PREPROCESSOR_DEFINITIONS = (
					"DEBUG=1",
					"$(inherited)",
				);
				GCC_SYMBOLS_PRIVATE_EXTERN = NO;
				GCC_WARN_64_TO_32_BIT_CONVERSION = YES;
				GCC_WARN_ABOUT_RETURN_TYPE = YES_ERROR;
				GCC_WARN_UNDECLARED_SELECTOR = YES;
				GCC_WARN_UNINITIALIZED_AUTOS = YES_AGGRESSIVE;
				GCC_WARN_UNUSED_FUNCTION = YES;
				GCC_WARN_UNUSED_VARIABLE = YES;
				IPHONEOS_DEPLOYMENT_TARGET = 8.2;
				MTL_ENABLE_DEBUG_INFO = YES;
				ONLY_ACTIVE_ARCH = YES;
				SDKROOT = iphoneos;
				SWIFT_OPTIMIZATION_LEVEL = "-Onone";
			};
			name = Debug;
		};
		58C909551A94552C000153C7 /* Release */ = {
			isa = XCBuildConfiguration;
			buildSettings = {
				ALWAYS_SEARCH_USER_PATHS = NO;
				CLANG_CXX_LANGUAGE_STANDARD = "gnu++0x";
				CLANG_CXX_LIBRARY = "libc++";
				CLANG_ENABLE_MODULES = YES;
				CLANG_ENABLE_OBJC_ARC = YES;
				CLANG_WARN_BOOL_CONVERSION = YES;
				CLANG_WARN_CONSTANT_CONVERSION = YES;
				CLANG_WARN_DIRECT_OBJC_ISA_USAGE = YES_ERROR;
				CLANG_WARN_EMPTY_BODY = YES;
				CLANG_WARN_ENUM_CONVERSION = YES;
				CLANG_WARN_INT_CONVERSION = YES;
				CLANG_WARN_OBJC_ROOT_CLASS = YES_ERROR;
				CLANG_WARN_UNREACHABLE_CODE = YES;
				CLANG_WARN__DUPLICATE_METHOD_MATCH = YES;
				"CODE_SIGN_IDENTITY[sdk=iphoneos*]" = "iPhone Developer";
				COPY_PHASE_STRIP = NO;
				ENABLE_NS_ASSERTIONS = NO;
				ENABLE_STRICT_OBJC_MSGSEND = YES;
				GCC_C_LANGUAGE_STANDARD = gnu99;
				GCC_WARN_64_TO_32_BIT_CONVERSION = YES;
				GCC_WARN_ABOUT_RETURN_TYPE = YES_ERROR;
				GCC_WARN_UNDECLARED_SELECTOR = YES;
				GCC_WARN_UNINITIALIZED_AUTOS = YES_AGGRESSIVE;
				GCC_WARN_UNUSED_FUNCTION = YES;
				GCC_WARN_UNUSED_VARIABLE = YES;
				IPHONEOS_DEPLOYMENT_TARGET = 8.2;
				MTL_ENABLE_DEBUG_INFO = NO;
				SDKROOT = iphoneos;
				VALIDATE_PRODUCT = YES;
			};
			name = Release;
		};
		58C909571A94552C000153C7 /* Debug */ = {
			isa = XCBuildConfiguration;
			buildSettings = {
				ASSETCATALOG_COMPILER_APPICON_NAME = AppIcon;
				INFOPLIST_FILE = MultipleFieldPoC/Info.plist;
				LD_RUNPATH_SEARCH_PATHS = "$(inherited) @executable_path/Frameworks";
				PRODUCT_NAME = "$(TARGET_NAME)";
			};
			name = Debug;
		};
		58C909581A94552C000153C7 /* Release */ = {
			isa = XCBuildConfiguration;
			buildSettings = {
				ASSETCATALOG_COMPILER_APPICON_NAME = AppIcon;
				INFOPLIST_FILE = MultipleFieldPoC/Info.plist;
				LD_RUNPATH_SEARCH_PATHS = "$(inherited) @executable_path/Frameworks";
				PRODUCT_NAME = "$(TARGET_NAME)";
			};
			name = Release;
		};
		58C9095A1A94552C000153C7 /* Debug */ = {
			isa = XCBuildConfiguration;
			buildSettings = {
				BUNDLE_LOADER = "$(TEST_HOST)";
				FRAMEWORK_SEARCH_PATHS = (
					"$(SDKROOT)/Developer/Library/Frameworks",
					"$(inherited)",
				);
				GCC_PREPROCESSOR_DEFINITIONS = (
					"DEBUG=1",
					"$(inherited)",
				);
				INFOPLIST_FILE = MultipleFieldPoCTests/Info.plist;
				LD_RUNPATH_SEARCH_PATHS = "$(inherited) @executable_path/Frameworks @loader_path/Frameworks";
				PRODUCT_NAME = "$(TARGET_NAME)";
				TEST_HOST = "$(BUILT_PRODUCTS_DIR)/MultipleFieldPoC.app/MultipleFieldPoC";
			};
			name = Debug;
		};
		58C9095B1A94552C000153C7 /* Release */ = {
			isa = XCBuildConfiguration;
			buildSettings = {
				BUNDLE_LOADER = "$(TEST_HOST)";
				FRAMEWORK_SEARCH_PATHS = (
					"$(SDKROOT)/Developer/Library/Frameworks",
					"$(inherited)",
				);
				INFOPLIST_FILE = MultipleFieldPoCTests/Info.plist;
				LD_RUNPATH_SEARCH_PATHS = "$(inherited) @executable_path/Frameworks @loader_path/Frameworks";
				PRODUCT_NAME = "$(TARGET_NAME)";
				TEST_HOST = "$(BUILT_PRODUCTS_DIR)/MultipleFieldPoC.app/MultipleFieldPoC";
			};
			name = Release;
		};
/* End XCBuildConfiguration section */

/* Begin XCConfigurationList section */
		58C909321A94552C000153C7 /* Build configuration list for PBXProject "MultipleFieldPoC" */ = {
			isa = XCConfigurationList;
			buildConfigurations = (
				58C909541A94552C000153C7 /* Debug */,
				58C909551A94552C000153C7 /* Release */,
			);
			defaultConfigurationIsVisible = 0;
			defaultConfigurationName = Release;
		};
		58C909561A94552C000153C7 /* Build configuration list for PBXNativeTarget "MultipleFieldPoC" */ = {
			isa = XCConfigurationList;
			buildConfigurations = (
				58C909571A94552C000153C7 /* Debug */,
				58C909581A94552C000153C7 /* Release */,
			);
			defaultConfigurationIsVisible = 0;
			defaultConfigurationName = Release;
		};
		58C909591A94552C000153C7 /* Build configuration list for PBXNativeTarget "MultipleFieldPoCTests" */ = {
			isa = XCConfigurationList;
			buildConfigurations = (
				58C9095A1A94552C000153C7 /* Debug */,
				58C9095B1A94552C000153C7 /* Release */,
			);
			defaultConfigurationIsVisible = 0;
			defaultConfigurationName = Release;
		};
/* End XCConfigurationList section */
	};
	rootObject = 58C9092F1A94552C000153C7 /* Project object */;
}
